// !$*UTF8*$!
{
	archiveVersion = 1;
	classes = {
	};
	objectVersion = 42;
	objects = {

/* Begin PBXAggregateTarget section */
		DAE8E5F6133D3509007D44DE /* Zip */ = {
			isa = PBXAggregateTarget;
			buildConfigurationList = DAE8E5F9133D3509007D44DE /* Build configuration list for PBXAggregateTarget "Zip" */;
			buildPhases = (
				DAE8E5FE133D3546007D44DE /* Zip it up */,
			);
			dependencies = (
				DAE8E5FC133D3515007D44DE /* PBXTargetDependency */,
			);
			name = Zip;
			productName = Zip;
		};
/* End PBXAggregateTarget section */

/* Begin PBXBuildFile section */
		8D11072A0486CEB800E47090 /* MainMenu.nib in Resources */ = {isa = PBXBuildFile; fileRef = 29B97318FDCFA39411CA2CEA /* MainMenu.nib */; };
		8D11072B0486CEB800E47090 /* InfoPlist.strings in Resources */ = {isa = PBXBuildFile; fileRef = 089C165CFE840E0CC02AAC07 /* InfoPlist.strings */; };
		8D11072D0486CEB800E47090 /* main.m in Sources */ = {isa = PBXBuildFile; fileRef = 29B97316FDCFA39411CA2CEA /* main.m */; settings = {ATTRIBUTES = (); }; };
		8D11072F0486CEB800E47090 /* Cocoa.framework in Frameworks */ = {isa = PBXBuildFile; fileRef = 1058C7A1FEA54F0111CA2CBB /* Cocoa.framework */; };
		DA1B352A0B86EC4500E2D853 /* Credits.html in Resources */ = {isa = PBXBuildFile; fileRef = DA1B35280B86EC4500E2D853 /* Credits.html */; };
		DA2439D60B86D597007A594A /* AppTracker.m in Sources */ = {isa = PBXBuildFile; fileRef = DA2439D50B86D597007A594A /* AppTracker.m */; };
		DA57583E0B863613000D83CD /* Controller.m in Sources */ = {isa = PBXBuildFile; fileRef = DA57583D0B863613000D83CD /* Controller.m */; };
		DA61C6CD133AF8730095F5CF /* LoginItemManager.m in Sources */ = {isa = PBXBuildFile; fileRef = DA61C6CC133AF8730095F5CF /* LoginItemManager.m */; };
		DA61C6E8133B004B0095F5CF /* ReadableTimeValueTransformer.m in Sources */ = {isa = PBXBuildFile; fileRef = DA61C6E7133B004B0095F5CF /* ReadableTimeValueTransformer.m */; };
		DA61C6FC133B02220095F5CF /* Cocoa.framework in Frameworks */ = {isa = PBXBuildFile; fileRef = DA61C6FB133B02220095F5CF /* Cocoa.framework */; };
		DA61C702133B02220095F5CF /* InfoPlist.strings in Resources */ = {isa = PBXBuildFile; fileRef = DA61C700133B02220095F5CF /* InfoPlist.strings */; };
		DA61C70B133B03970095F5CF /* ValueTransformerTests.m in Sources */ = {isa = PBXBuildFile; fileRef = DA61C6EA133B01900095F5CF /* ValueTransformerTests.m */; };
		DA61C70C133B03C00095F5CF /* ReadableTimeValueTransformer.m in Sources */ = {isa = PBXBuildFile; fileRef = DA61C6E7133B004B0095F5CF /* ReadableTimeValueTransformer.m */; };
		DAC3112A1343D8C900F0F3C1 /* cloak-status.png in Resources */ = {isa = PBXBuildFile; fileRef = DAC311291343D8C900F0F3C1 /* cloak-status.png */; };
		DAC3112D1343D8E400F0F3C1 /* Cloak.icns in Resources */ = {isa = PBXBuildFile; fileRef = DAC3112C1343D8E400F0F3C1 /* Cloak.icns */; };
		DAFF104313450FCE004423AC /* Growl.framework in Add Growl */ = {isa = PBXBuildFile; fileRef = DAFF104213450FBF004423AC /* Growl.framework */; };
		DAFF104413450FD3004423AC /* Growl.framework in Frameworks */ = {isa = PBXBuildFile; fileRef = DAFF104213450FBF004423AC /* Growl.framework */; };
/* End PBXBuildFile section */

/* Begin PBXContainerItemProxy section */
		DAE8E5FB133D3515007D44DE /* PBXContainerItemProxy */ = {
			isa = PBXContainerItemProxy;
			containerPortal = 29B97313FDCFA39411CA2CEA /* Project object */;
			proxyType = 1;
			remoteGlobalIDString = 8D1107260486CEB800E47090;
			remoteInfo = Cloak;
		};
/* End PBXContainerItemProxy section */

/* Begin PBXCopyFilesBuildPhase section */
		DA8E88620BFF8CA7004BDBB7 /* Add Growl */ = {
			isa = PBXCopyFilesBuildPhase;
			buildActionMask = 2147483647;
			dstPath = "";
			dstSubfolderSpec = 10;
			files = (
				DAFF104313450FCE004423AC /* Growl.framework in Add Growl */,
			);
			name = "Add Growl";
			runOnlyForDeploymentPostprocessing = 0;
		};
/* End PBXCopyFilesBuildPhase section */

/* Begin PBXFileReference section */
		089C165DFE840E0CC02AAC07 /* English */ = {isa = PBXFileReference; fileEncoding = 10; lastKnownFileType = text.plist.strings; name = English; path = English.lproj/InfoPlist.strings; sourceTree = "<group>"; };
		1058C7A1FEA54F0111CA2CBB /* Cocoa.framework */ = {isa = PBXFileReference; lastKnownFileType = wrapper.framework; name = Cocoa.framework; path = /System/Library/Frameworks/Cocoa.framework; sourceTree = "<absolute>"; };
		13E42FB307B3F0F600E4EEF1 /* CoreData.framework */ = {isa = PBXFileReference; lastKnownFileType = wrapper.framework; name = CoreData.framework; path = /System/Library/Frameworks/CoreData.framework; sourceTree = "<absolute>"; };
		29B97316FDCFA39411CA2CEA /* main.m */ = {isa = PBXFileReference; fileEncoding = 4; lastKnownFileType = sourcecode.c.objc; path = main.m; sourceTree = "<group>"; };
		29B97319FDCFA39411CA2CEA /* English */ = {isa = PBXFileReference; lastKnownFileType = wrapper.nib; name = English; path = English.lproj/MainMenu.nib; sourceTree = "<group>"; };
		29B97324FDCFA39411CA2CEA /* AppKit.framework */ = {isa = PBXFileReference; lastKnownFileType = wrapper.framework; name = AppKit.framework; path = /System/Library/Frameworks/AppKit.framework; sourceTree = "<absolute>"; };
		29B97325FDCFA39411CA2CEA /* Foundation.framework */ = {isa = PBXFileReference; lastKnownFileType = wrapper.framework; name = Foundation.framework; path = /System/Library/Frameworks/Foundation.framework; sourceTree = "<absolute>"; };
		32CA4F630368D1EE00C91783 /* AppHider_Prefix.pch */ = {isa = PBXFileReference; fileEncoding = 4; lastKnownFileType = sourcecode.c.h; path = AppHider_Prefix.pch; sourceTree = "<group>"; };
		8D1107310486CEB800E47090 /* Info.plist */ = {isa = PBXFileReference; fileEncoding = 4; lastKnownFileType = text.plist; path = Info.plist; sourceTree = "<group>"; };
		8D1107320486CEB800E47090 /* Cloak.app */ = {isa = PBXFileReference; explicitFileType = wrapper.application; includeInIndex = 0; path = Cloak.app; sourceTree = BUILT_PRODUCTS_DIR; };
		DA1B35290B86EC4500E2D853 /* English */ = {isa = PBXFileReference; fileEncoding = 30; lastKnownFileType = text.html; name = English; path = English.lproj/Credits.html; sourceTree = "<group>"; };
		DA2439D40B86D597007A594A /* AppTracker.h */ = {isa = PBXFileReference; fileEncoding = 4; lastKnownFileType = sourcecode.c.h; path = AppTracker.h; sourceTree = "<group>"; };
		DA2439D50B86D597007A594A /* AppTracker.m */ = {isa = PBXFileReference; fileEncoding = 4; lastKnownFileType = sourcecode.c.objc; path = AppTracker.m; sourceTree = "<group>"; };
		DA4F15920C038E6300328372 /* Sparkle.framework */ = {isa = PBXFileReference; lastKnownFileType = wrapper.framework; path = Sparkle.framework; sourceTree = "<group>"; };
		DA57583C0B863613000D83CD /* Controller.h */ = {isa = PBXFileReference; fileEncoding = 4; lastKnownFileType = sourcecode.c.h; path = Controller.h; sourceTree = "<group>"; };
		DA57583D0B863613000D83CD /* Controller.m */ = {isa = PBXFileReference; fileEncoding = 4; lastKnownFileType = sourcecode.c.objc; path = Controller.m; sourceTree = "<group>"; };
		DA61C6CB133AF8730095F5CF /* LoginItemManager.h */ = {isa = PBXFileReference; fileEncoding = 4; lastKnownFileType = sourcecode.c.h; path = LoginItemManager.h; sourceTree = "<group>"; };
		DA61C6CC133AF8730095F5CF /* LoginItemManager.m */ = {isa = PBXFileReference; fileEncoding = 4; lastKnownFileType = sourcecode.c.objc; path = LoginItemManager.m; sourceTree = "<group>"; };
		DA61C6E6133B004A0095F5CF /* ReadableTimeValueTransformer.h */ = {isa = PBXFileReference; fileEncoding = 4; lastKnownFileType = sourcecode.c.h; path = ReadableTimeValueTransformer.h; sourceTree = "<group>"; };
		DA61C6E7133B004B0095F5CF /* ReadableTimeValueTransformer.m */ = {isa = PBXFileReference; fileEncoding = 4; lastKnownFileType = sourcecode.c.objc; path = ReadableTimeValueTransformer.m; sourceTree = "<group>"; };
		DA61C6E9133B01900095F5CF /* ValueTransformerTests.h */ = {isa = PBXFileReference; fileEncoding = 4; lastKnownFileType = sourcecode.c.h; name = ValueTransformerTests.h; path = ../ValueTransformerTests.h; sourceTree = "<group>"; };
		DA61C6EA133B01900095F5CF /* ValueTransformerTests.m */ = {isa = PBXFileReference; fileEncoding = 4; lastKnownFileType = sourcecode.c.objc; name = ValueTransformerTests.m; path = ../ValueTransformerTests.m; sourceTree = "<group>"; };
		DA61C6FA133B02220095F5CF /* CloakTests.octest */ = {isa = PBXFileReference; explicitFileType = wrapper.cfbundle; includeInIndex = 0; path = CloakTests.octest; sourceTree = BUILT_PRODUCTS_DIR; };
		DA61C6FB133B02220095F5CF /* Cocoa.framework */ = {isa = PBXFileReference; lastKnownFileType = wrapper.framework; name = Cocoa.framework; path = System/Library/Frameworks/Cocoa.framework; sourceTree = SDKROOT; };
		DA61C6FF133B02220095F5CF /* CloakTests-Info.plist */ = {isa = PBXFileReference; lastKnownFileType = text.plist.xml; path = "CloakTests-Info.plist"; sourceTree = "<group>"; };
		DA61C701133B02220095F5CF /* en */ = {isa = PBXFileReference; lastKnownFileType = text.plist.strings; name = en; path = en.lproj/InfoPlist.strings; sourceTree = "<group>"; };
		DA61C703133B02220095F5CF /* CloakTests-Prefix.pch */ = {isa = PBXFileReference; lastKnownFileType = sourcecode.c.h; path = "CloakTests-Prefix.pch"; sourceTree = "<group>"; };
		DAC311291343D8C900F0F3C1 /* cloak-status.png */ = {isa = PBXFileReference; lastKnownFileType = image.png; path = "cloak-status.png"; sourceTree = "<group>"; };
		DAC3112C1343D8E400F0F3C1 /* Cloak.icns */ = {isa = PBXFileReference; lastKnownFileType = image.icns; path = Cloak.icns; sourceTree = "<group>"; };
		DAFF104213450FBF004423AC /* Growl.framework */ = {isa = PBXFileReference; lastKnownFileType = wrapper.framework; path = Growl.framework; sourceTree = "<group>"; };
/* End PBXFileReference section */

/* Begin PBXFrameworksBuildPhase section */
		8D11072E0486CEB800E47090 /* Frameworks */ = {
			isa = PBXFrameworksBuildPhase;
			buildActionMask = 2147483647;
			files = (
				8D11072F0486CEB800E47090 /* Cocoa.framework in Frameworks */,
				DAFF104413450FD3004423AC /* Growl.framework in Frameworks */,
			);
			runOnlyForDeploymentPostprocessing = 0;
		};
		DA61C6F6133B02220095F5CF /* Frameworks */ = {
			isa = PBXFrameworksBuildPhase;
			buildActionMask = 2147483647;
			files = (
				DA61C6FC133B02220095F5CF /* Cocoa.framework in Frameworks */,
			);
			runOnlyForDeploymentPostprocessing = 0;
		};
/* End PBXFrameworksBuildPhase section */

/* Begin PBXGroup section */
		080E96DDFE201D6D7F000001 /* Classes */ = {
			isa = PBXGroup;
			children = (
				DA57583C0B863613000D83CD /* Controller.h */,
				DA57583D0B863613000D83CD /* Controller.m */,
				DA2439D40B86D597007A594A /* AppTracker.h */,
				DA2439D50B86D597007A594A /* AppTracker.m */,
				DA61C6CB133AF8730095F5CF /* LoginItemManager.h */,
				DA61C6CC133AF8730095F5CF /* LoginItemManager.m */,
				DA61C6E6133B004A0095F5CF /* ReadableTimeValueTransformer.h */,
				DA61C6E7133B004B0095F5CF /* ReadableTimeValueTransformer.m */,
			);
			name = Classes;
			sourceTree = "<group>";
		};
		1058C7A0FEA54F0111CA2CBB /* Linked Frameworks */ = {
			isa = PBXGroup;
			children = (
				DA4F15920C038E6300328372 /* Sparkle.framework */,
				1058C7A1FEA54F0111CA2CBB /* Cocoa.framework */,
			);
			name = "Linked Frameworks";
			sourceTree = "<group>";
		};
		1058C7A2FEA54F0111CA2CBB /* Other Frameworks */ = {
			isa = PBXGroup;
			children = (
				29B97324FDCFA39411CA2CEA /* AppKit.framework */,
				13E42FB307B3F0F600E4EEF1 /* CoreData.framework */,
				29B97325FDCFA39411CA2CEA /* Foundation.framework */,
			);
			name = "Other Frameworks";
			sourceTree = "<group>";
		};
		19C28FACFE9D520D11CA2CBB /* Products */ = {
			isa = PBXGroup;
			children = (
				8D1107320486CEB800E47090 /* Cloak.app */,
				DA61C6FA133B02220095F5CF /* CloakTests.octest */,
			);
			name = Products;
			sourceTree = "<group>";
		};
		29B97314FDCFA39411CA2CEA /* AppHider */ = {
			isa = PBXGroup;
			children = (
				080E96DDFE201D6D7F000001 /* Classes */,
				29B97315FDCFA39411CA2CEA /* Other Sources */,
				29B97317FDCFA39411CA2CEA /* Resources */,
				DA61C6FD133B02220095F5CF /* AppHiderTests */,
				29B97323FDCFA39411CA2CEA /* Frameworks */,
				19C28FACFE9D520D11CA2CBB /* Products */,
			);
			name = AppHider;
			sourceTree = "<group>";
		};
		29B97315FDCFA39411CA2CEA /* Other Sources */ = {
			isa = PBXGroup;
			children = (
				32CA4F630368D1EE00C91783 /* AppHider_Prefix.pch */,
				29B97316FDCFA39411CA2CEA /* main.m */,
			);
			name = "Other Sources";
			sourceTree = "<group>";
		};
		29B97317FDCFA39411CA2CEA /* Resources */ = {
			isa = PBXGroup;
			children = (
				DAC3112C1343D8E400F0F3C1 /* Cloak.icns */,
				DAC311291343D8C900F0F3C1 /* cloak-status.png */,
				DA1B35280B86EC4500E2D853 /* Credits.html */,
				8D1107310486CEB800E47090 /* Info.plist */,
				089C165CFE840E0CC02AAC07 /* InfoPlist.strings */,
				29B97318FDCFA39411CA2CEA /* MainMenu.nib */,
			);
			name = Resources;
			sourceTree = "<group>";
		};
		29B97323FDCFA39411CA2CEA /* Frameworks */ = {
			isa = PBXGroup;
			children = (
				DAFF104213450FBF004423AC /* Growl.framework */,
				1058C7A0FEA54F0111CA2CBB /* Linked Frameworks */,
				DA61C6FB133B02220095F5CF /* Cocoa.framework */,
				1058C7A2FEA54F0111CA2CBB /* Other Frameworks */,
			);
			name = Frameworks;
			sourceTree = "<group>";
		};
		DA61C6FD133B02220095F5CF /* AppHiderTests */ = {
			isa = PBXGroup;
			children = (
				DA61C6E9133B01900095F5CF /* ValueTransformerTests.h */,
				DA61C6EA133B01900095F5CF /* ValueTransformerTests.m */,
				DA61C6FE133B02220095F5CF /* Supporting Files */,
			);
			path = AppHiderTests;
			sourceTree = "<group>";
		};
		DA61C6FE133B02220095F5CF /* Supporting Files */ = {
			isa = PBXGroup;
			children = (
				DA61C6FF133B02220095F5CF /* CloakTests-Info.plist */,
				DA61C700133B02220095F5CF /* InfoPlist.strings */,
				DA61C703133B02220095F5CF /* CloakTests-Prefix.pch */,
			);
			name = "Supporting Files";
			sourceTree = "<group>";
		};
/* End PBXGroup section */

/* Begin PBXNativeTarget section */
		8D1107260486CEB800E47090 /* Cloak */ = {
			isa = PBXNativeTarget;
			buildConfigurationList = C01FCF4A08A954540054247B /* Build configuration list for PBXNativeTarget "Cloak" */;
			buildPhases = (
				8D1107290486CEB800E47090 /* Resources */,
				8D11072C0486CEB800E47090 /* Sources */,
				8D11072E0486CEB800E47090 /* Frameworks */,
				DA8E88620BFF8CA7004BDBB7 /* Add Growl */,
			);
			buildRules = (
			);
			dependencies = (
			);
			name = Cloak;
			productInstallPath = "$(HOME)/Applications";
			productName = AppHider;
			productReference = 8D1107320486CEB800E47090 /* Cloak.app */;
			productType = "com.apple.product-type.application";
		};
		DA61C6F9133B02220095F5CF /* CloakTests */ = {
			isa = PBXNativeTarget;
			buildConfigurationList = DA61C708133B02220095F5CF /* Build configuration list for PBXNativeTarget "CloakTests" */;
			buildPhases = (
				DA61C6F5133B02220095F5CF /* Sources */,
				DA61C6F6133B02220095F5CF /* Frameworks */,
				DA61C6F7133B02220095F5CF /* Resources */,
				DA61C6F8133B02220095F5CF /* ShellScript */,
			);
			buildRules = (
			);
			dependencies = (
			);
			name = CloakTests;
			productName = AppHiderTests;
			productReference = DA61C6FA133B02220095F5CF /* CloakTests.octest */;
			productType = "com.apple.product-type.bundle";
		};
/* End PBXNativeTarget section */

/* Begin PBXProject section */
		29B97313FDCFA39411CA2CEA /* Project object */ = {
			isa = PBXProject;
			attributes = {
				ORGANIZATIONNAME = net.spy;
			};
			buildConfigurationList = C01FCF4E08A954540054247B /* Build configuration list for PBXProject "Cloak" */;
			compatibilityVersion = "Xcode 2.4";
			developmentRegion = English;
			hasScannedForEncodings = 1;
			knownRegions = (
				en,
			);
			mainGroup = 29B97314FDCFA39411CA2CEA /* AppHider */;
			projectDirPath = "";
			projectRoot = "";
			targets = (
				DAE8E5F6133D3509007D44DE /* Zip */,
				8D1107260486CEB800E47090 /* Cloak */,
				DA61C6F9133B02220095F5CF /* CloakTests */,
			);
		};
/* End PBXProject section */

/* Begin PBXResourcesBuildPhase section */
		8D1107290486CEB800E47090 /* Resources */ = {
			isa = PBXResourcesBuildPhase;
			buildActionMask = 2147483647;
			files = (
				8D11072A0486CEB800E47090 /* MainMenu.nib in Resources */,
				8D11072B0486CEB800E47090 /* InfoPlist.strings in Resources */,
				DA1B352A0B86EC4500E2D853 /* Credits.html in Resources */,
				DAC3112A1343D8C900F0F3C1 /* cloak-status.png in Resources */,
				DAC3112D1343D8E400F0F3C1 /* Cloak.icns in Resources */,
			);
			runOnlyForDeploymentPostprocessing = 0;
		};
		DA61C6F7133B02220095F5CF /* Resources */ = {
			isa = PBXResourcesBuildPhase;
			buildActionMask = 2147483647;
			files = (
				DA61C702133B02220095F5CF /* InfoPlist.strings in Resources */,
			);
			runOnlyForDeploymentPostprocessing = 0;
		};
/* End PBXResourcesBuildPhase section */

/* Begin PBXShellScriptBuildPhase section */
		DA61C6F8133B02220095F5CF /* ShellScript */ = {
			isa = PBXShellScriptBuildPhase;
			buildActionMask = 2147483647;
			files = (
			);
			inputPaths = (
			);
			outputPaths = (
			);
			runOnlyForDeploymentPostprocessing = 0;
			shellPath = /bin/sh;
			shellScript = "# Run the unit tests in this test bundle.\n\"${SYSTEM_DEVELOPER_DIR}/Tools/RunUnitTests\"\n";
		};
		DAE8E5FE133D3546007D44DE /* Zip it up */ = {
			isa = PBXShellScriptBuildPhase;
			buildActionMask = 2147483647;
			files = (
			);
			inputPaths = (
			);
			name = "Zip it up";
			outputPaths = (
				"$(DERIVED_FILE_DIR)/Cloak-$()",
			);
			runOnlyForDeploymentPostprocessing = 0;
			shellPath = /bin/sh;
			shellScript = "cd \"$BUILT_PRODUCTS_DIR\"\nV=$(/usr/libexec/PlistBuddy \"$PROJECT_NAME.app/Contents/Info.plist\" -c 'Print CFBundleVersion')\nditto -ck --keepParent \"$PROJECT_NAME.app\" \"$PROJECT_NAME-$V.zip\"";
		};
/* End PBXShellScriptBuildPhase section */

/* Begin PBXSourcesBuildPhase section */
		8D11072C0486CEB800E47090 /* Sources */ = {
			isa = PBXSourcesBuildPhase;
			buildActionMask = 2147483647;
			files = (
				8D11072D0486CEB800E47090 /* main.m in Sources */,
				DA57583E0B863613000D83CD /* Controller.m in Sources */,
				DA2439D60B86D597007A594A /* AppTracker.m in Sources */,
				DA61C6CD133AF8730095F5CF /* LoginItemManager.m in Sources */,
				DA61C6E8133B004B0095F5CF /* ReadableTimeValueTransformer.m in Sources */,
			);
			runOnlyForDeploymentPostprocessing = 0;
		};
		DA61C6F5133B02220095F5CF /* Sources */ = {
			isa = PBXSourcesBuildPhase;
			buildActionMask = 2147483647;
			files = (
				DA61C70C133B03C00095F5CF /* ReadableTimeValueTransformer.m in Sources */,
				DA61C70B133B03970095F5CF /* ValueTransformerTests.m in Sources */,
			);
			runOnlyForDeploymentPostprocessing = 0;
		};
/* End PBXSourcesBuildPhase section */

/* Begin PBXTargetDependency section */
		DAE8E5FC133D3515007D44DE /* PBXTargetDependency */ = {
			isa = PBXTargetDependency;
			target = 8D1107260486CEB800E47090 /* Cloak */;
			targetProxy = DAE8E5FB133D3515007D44DE /* PBXContainerItemProxy */;
		};
/* End PBXTargetDependency section */

/* Begin PBXVariantGroup section */
		089C165CFE840E0CC02AAC07 /* InfoPlist.strings */ = {
			isa = PBXVariantGroup;
			children = (
				089C165DFE840E0CC02AAC07 /* English */,
			);
			name = InfoPlist.strings;
			sourceTree = "<group>";
		};
		29B97318FDCFA39411CA2CEA /* MainMenu.nib */ = {
			isa = PBXVariantGroup;
			children = (
				29B97319FDCFA39411CA2CEA /* English */,
			);
			name = MainMenu.nib;
			sourceTree = "<group>";
		};
		DA1B35280B86EC4500E2D853 /* Credits.html */ = {
			isa = PBXVariantGroup;
			children = (
				DA1B35290B86EC4500E2D853 /* English */,
			);
			name = Credits.html;
			sourceTree = "<group>";
		};
		DA61C700133B02220095F5CF /* InfoPlist.strings */ = {
			isa = PBXVariantGroup;
			children = (
				DA61C701133B02220095F5CF /* en */,
			);
			name = InfoPlist.strings;
			sourceTree = "<group>";
		};
/* End PBXVariantGroup section */

/* Begin XCBuildConfiguration section */
		C01FCF4B08A954540054247B /* Debug */ = {
			isa = XCBuildConfiguration;
			buildSettings = {
				COPY_PHASE_STRIP = NO;
				FRAMEWORK_SEARCH_PATHS = (
					"$(inherited)",
					"$(FRAMEWORK_SEARCH_PATHS_QUOTED_1)",
					"$(FRAMEWORK_SEARCH_PATHS_QUOTED_2)",
					"$(FRAMEWORK_SEARCH_PATHS_QUOTED_FOR_TARGET_1)",
				);
				FRAMEWORK_SEARCH_PATHS_QUOTED_1 = "\"$(SRCROOT)\"";
				FRAMEWORK_SEARCH_PATHS_QUOTED_2 = "\"$(SRCROOT)\"";
				FRAMEWORK_SEARCH_PATHS_QUOTED_FOR_TARGET_1 = "\"$(SRCROOT)\"";
				GCC_DYNAMIC_NO_PIC = NO;
				GCC_ENABLE_FIX_AND_CONTINUE = YES;
				GCC_MODEL_TUNING = G5;
				GCC_OPTIMIZATION_LEVEL = 0;
				INFOPLIST_FILE = Info.plist;
				INSTALL_PATH = "$(HOME)/Applications";
				PRODUCT_NAME = Cloak;
				SDKROOT = "$(DEVELOPER_SDK_DIR)/MacOSX10.6.sdk";
				WRAPPER_EXTENSION = app;
				ZERO_LINK = YES;
			};
			name = Debug;
		};
		C01FCF4C08A954540054247B /* Release */ = {
			isa = XCBuildConfiguration;
			buildSettings = {
				ARCHS = "$(ARCHS_STANDARD_32_BIT_PRE_XCODE_3_1)";
				ARCHS_STANDARD_32_BIT_PRE_XCODE_3_1 = "ppc i386";
				FRAMEWORK_SEARCH_PATHS = (
					"$(inherited)",
					"$(FRAMEWORK_SEARCH_PATHS_QUOTED_1)",
					"$(FRAMEWORK_SEARCH_PATHS_QUOTED_2)",
					"$(FRAMEWORK_SEARCH_PATHS_QUOTED_FOR_TARGET_1)",
				);
				FRAMEWORK_SEARCH_PATHS_QUOTED_1 = "\"$(SRCROOT)\"";
				FRAMEWORK_SEARCH_PATHS_QUOTED_2 = "\"$(SRCROOT)\"";
				FRAMEWORK_SEARCH_PATHS_QUOTED_FOR_TARGET_1 = "\"$(SRCROOT)\"";
				GCC_GENERATE_DEBUGGING_SYMBOLS = NO;
				GCC_MODEL_TUNING = G5;
				INFOPLIST_FILE = Info.plist;
				INSTALL_PATH = "$(HOME)/Applications";
				PRODUCT_NAME = Cloak;
				SDKROOT = "$(DEVELOPER_SDK_DIR)/MacOSX10.6.sdk";
				WRAPPER_EXTENSION = app;
			};
			name = Release;
		};
		C01FCF4F08A954540054247B /* Debug */ = {
			isa = XCBuildConfiguration;
			buildSettings = {
				GCC_WARN_ABOUT_RETURN_TYPE = YES;
				GCC_WARN_UNUSED_VARIABLE = YES;
				PREBINDING = NO;
				SDKROOT = "$(DEVELOPER_SDK_DIR)/MacOSX10.6.sdk";
			};
			name = Debug;
		};
		C01FCF5008A954540054247B /* Release */ = {
			isa = XCBuildConfiguration;
			buildSettings = {
				ARCHS = "$(ARCHS_STANDARD_32_64_BIT_PRE_XCODE_3_1)";
				ARCHS_STANDARD_32_64_BIT_PRE_XCODE_3_1 = "x86_64 i386 ppc";
				GCC_WARN_ABOUT_RETURN_TYPE = YES;
				GCC_WARN_UNUSED_VARIABLE = YES;
				PREBINDING = NO;
				SDKROOT = "$(DEVELOPER_SDK_DIR)/MacOSX10.6.sdk";
			};
			name = Release;
		};
		DA61C709133B02220095F5CF /* Debug */ = {
			isa = XCBuildConfiguration;
			buildSettings = {
				ALWAYS_SEARCH_USER_PATHS = NO;
				ARCHS = "$(ONLY_ACTIVE_ARCH_PRE_XCODE_3_1)";
				COPY_PHASE_STRIP = NO;
				FRAMEWORK_SEARCH_PATHS = "$(DEVELOPER_LIBRARY_DIR)/Frameworks";
				GCC_C_LANGUAGE_STANDARD = gnu99;
				GCC_DYNAMIC_NO_PIC = NO;
				GCC_ENABLE_OBJC_EXCEPTIONS = YES;
				GCC_OPTIMIZATION_LEVEL = 0;
				GCC_PRECOMPILE_PREFIX_HEADER = YES;
				GCC_PREFIX_HEADER = "AppHiderTests/CloakTests-Prefix.pch";
				GCC_PREPROCESSOR_DEFINITIONS = DEBUG;
				GCC_SYMBOLS_PRIVATE_EXTERN = NO;
				GCC_VERSION = com.apple.compilers.llvm.clang.1_0;
				GCC_WARN_64_TO_32_BIT_CONVERSION = YES;
				INFOPLIST_FILE = "AppHiderTests/CloakTests-Info.plist";
				MACOSX_DEPLOYMENT_TARGET = 10.6;
				ONLY_ACTIVE_ARCH_PRE_XCODE_3_1 = "$(NATIVE_ARCH_ACTUAL)";
				OTHER_LDFLAGS = (
					"-framework",
					SenTestingKit,
				);
				PRODUCT_NAME = "$(TARGET_NAME)";
				WRAPPER_EXTENSION = octest;
			};
			name = Debug;
		};
		DA61C70A133B02220095F5CF /* Release */ = {
			isa = XCBuildConfiguration;
			buildSettings = {
				ALWAYS_SEARCH_USER_PATHS = NO;
				COPY_PHASE_STRIP = YES;
				DEBUG_INFORMATION_FORMAT = "dwarf-with-dsym";
				FRAMEWORK_SEARCH_PATHS = "$(DEVELOPER_LIBRARY_DIR)/Frameworks";
				GCC_C_LANGUAGE_STANDARD = gnu99;
				GCC_ENABLE_OBJC_EXCEPTIONS = YES;
				GCC_PRECOMPILE_PREFIX_HEADER = YES;
				GCC_PREFIX_HEADER = "AppHiderTests/CloakTests-Prefix.pch";
				GCC_VERSION = com.apple.compilers.llvm.clang.1_0;
				GCC_WARN_64_TO_32_BIT_CONVERSION = YES;
				INFOPLIST_FILE = "AppHiderTests/CloakTests-Info.plist";
				MACOSX_DEPLOYMENT_TARGET = 10.6;
				OTHER_LDFLAGS = (
					"-framework",
					SenTestingKit,
				);
				PRODUCT_NAME = "$(TARGET_NAME)";
				WRAPPER_EXTENSION = octest;
			};
			name = Release;
		};
		DAE8E5F7133D3509007D44DE /* Debug */ = {
			isa = XCBuildConfiguration;
			buildSettings = {
				PRODUCT_NAME = "$(TARGET_NAME)";
			};
			name = Debug;
		};
		DAE8E5F8133D3509007D44DE /* Release */ = {
			isa = XCBuildConfiguration;
			buildSettings = {
				PRODUCT_NAME = "$(TARGET_NAME)";
			};
			name = Release;
		};
/* End XCBuildConfiguration section */

/* Begin XCConfigurationList section */
		C01FCF4A08A954540054247B /* Build configuration list for PBXNativeTarget "Cloak" */ = {
			isa = XCConfigurationList;
			buildConfigurations = (
				C01FCF4B08A954540054247B /* Debug */,
				C01FCF4C08A954540054247B /* Release */,
			);
			defaultConfigurationIsVisible = 0;
			defaultConfigurationName = Release;
		};
		C01FCF4E08A954540054247B /* Build configuration list for PBXProject "Cloak" */ = {
			isa = XCConfigurationList;
			buildConfigurations = (
				C01FCF4F08A954540054247B /* Debug */,
				C01FCF5008A954540054247B /* Release */,
			);
			defaultConfigurationIsVisible = 0;
			defaultConfigurationName = Release;
		};
		DA61C708133B02220095F5CF /* Build configuration list for PBXNativeTarget "CloakTests" */ = {
			isa = XCConfigurationList;
			buildConfigurations = (
				DA61C709133B02220095F5CF /* Debug */,
				DA61C70A133B02220095F5CF /* Release */,
			);
			defaultConfigurationIsVisible = 0;
			defaultConfigurationName = Release;
		};
		DAE8E5F9133D3509007D44DE /* Build configuration list for PBXAggregateTarget "Zip" */ = {
			isa = XCConfigurationList;
			buildConfigurations = (
				DAE8E5F7133D3509007D44DE /* Debug */,
				DAE8E5F8133D3509007D44DE /* Release */,
			);
			defaultConfigurationIsVisible = 0;
			defaultConfigurationName = Release;
		};
/* End XCConfigurationList section */
	};
	rootObject = 29B97313FDCFA39411CA2CEA /* Project object */;
}
